// !$*UTF8*$!
{
	archiveVersion = 1;
	classes = {
	};
	objectVersion = 48;
	objects = {

/* Begin PBXBuildFile section */
		3D272483274C3C4A0084E7F5 /* Entity.swift in Sources */ = {isa = PBXBuildFile; fileRef = 3D272482274C3C4A0084E7F5 /* Entity.swift */; };
		3D272485274C7CD20084E7F5 /* spark.sks in Resources */ = {isa = PBXBuildFile; fileRef = 3D272484274C7CD20084E7F5 /* spark.sks */; };
		3D272487274C7CF00084E7F5 /* magic.sks in Resources */ = {isa = PBXBuildFile; fileRef = 3D272486274C7CF00084E7F5 /* magic.sks */; };
		3D28C258205CF0F70058771E /* EntityManager.swift in Sources */ = {isa = PBXBuildFile; fileRef = 3D28C257205CF0F70058771E /* EntityManager.swift */; };
		3D28C25A205CF1700058771E /* HealthComponent.swift in Sources */ = {isa = PBXBuildFile; fileRef = 3D28C259205CF1700058771E /* HealthComponent.swift */; };
		3D28C25E205CF6180058771E /* MoveComponent.swift in Sources */ = {isa = PBXBuildFile; fileRef = 3D28C25D205CF6180058771E /* MoveComponent.swift */; };
		3D36AA2E2063944A0004A9DF /* ActionMachine.swift in Sources */ = {isa = PBXBuildFile; fileRef = 3D36AA2D2063944A0004A9DF /* ActionMachine.swift */; };
		3D4D46902058765B00747B26 /* Enemy.swift in Sources */ = {isa = PBXBuildFile; fileRef = 3D4D468F2058765B00747B26 /* Enemy.swift */; };
		3D55FDE6205B7DB70059FC92 /* Obstacle.swift in Sources */ = {isa = PBXBuildFile; fileRef = 3D55FDE5205B7DB70059FC92 /* Obstacle.swift */; };
		3D55FDEA205BD19E0059FC92 /* Useful.swift in Sources */ = {isa = PBXBuildFile; fileRef = 3D55FDE9205BD19E0059FC92 /* Useful.swift */; };
		3D59A2E3205A60A5006CAB22 /* QuickMaths.swift in Sources */ = {isa = PBXBuildFile; fileRef = 3D59A2E2205A60A5006CAB22 /* QuickMaths.swift */; };
		3DA7C5B22051FC9E005C60B9 /* AppDelegate.swift in Sources */ = {isa = PBXBuildFile; fileRef = 3DA7C5B12051FC9E005C60B9 /* AppDelegate.swift */; };
		3DA7C5B82051FC9E005C60B9 /* GameScene.swift in Sources */ = {isa = PBXBuildFile; fileRef = 3DA7C5B72051FC9E005C60B9 /* GameScene.swift */; };
		3DA7C5BA2051FC9E005C60B9 /* GameViewController.swift in Sources */ = {isa = PBXBuildFile; fileRef = 3DA7C5B92051FC9E005C60B9 /* GameViewController.swift */; };
		3DA7C5BD2051FC9E005C60B9 /* Main.storyboard in Resources */ = {isa = PBXBuildFile; fileRef = 3DA7C5BB2051FC9E005C60B9 /* Main.storyboard */; };
		3DA7C5BF2051FC9E005C60B9 /* Assets.xcassets in Resources */ = {isa = PBXBuildFile; fileRef = 3DA7C5BE2051FC9E005C60B9 /* Assets.xcassets */; };
		3DA7C5C22051FC9E005C60B9 /* LaunchScreen.storyboard in Resources */ = {isa = PBXBuildFile; fileRef = 3DA7C5C02051FC9E005C60B9 /* LaunchScreen.storyboard */; };
		3DA7C5CB2051FE71005C60B9 /* Ground.swift in Sources */ = {isa = PBXBuildFile; fileRef = 3DA7C5CA2051FE71005C60B9 /* Ground.swift */; };
		3DA7C5CD2051FE77005C60B9 /* Player.swift in Sources */ = {isa = PBXBuildFile; fileRef = 3DA7C5CC2051FE77005C60B9 /* Player.swift */; };
		3DA7C5CF2051FFA0005C60B9 /* PhysicsCategories.swift in Sources */ = {isa = PBXBuildFile; fileRef = 3DA7C5CE2051FFA0005C60B9 /* PhysicsCategories.swift */; };
		3DAAFD782748793000CE5D49 /* Styles.swift in Sources */ = {isa = PBXBuildFile; fileRef = 3DAAFD772748793000CE5D49 /* Styles.swift */; };
		3DAAFD7A27494CD000CE5D49 /* Projectile.swift in Sources */ = {isa = PBXBuildFile; fileRef = 3DAAFD7927494CCF00CE5D49 /* Projectile.swift */; };
		3DEBB396205B02010017C9BB /* AnalogJoystick.swift in Sources */ = {isa = PBXBuildFile; fileRef = 3DEBB395205B02010017C9BB /* AnalogJoystick.swift */; };
		3DEDC91C2063549E0076364E /* CGVector+Extensions.swift in Sources */ = {isa = PBXBuildFile; fileRef = 3DEDC91B2063549E0076364E /* CGVector+Extensions.swift */; };
		E326C2A229200EEF001FF2FD /* Attacking.swift in Sources */ = {isa = PBXBuildFile; fileRef = E326C2A129200EEF001FF2FD /* Attacking.swift */; };
		E326C2A629200F0A001FF2FD /* Chasing.swift in Sources */ = {isa = PBXBuildFile; fileRef = E326C2A529200F0A001FF2FD /* Chasing.swift */; };
		E326C2A829200F19001FF2FD /* EnemyAction.swift in Sources */ = {isa = PBXBuildFile; fileRef = E326C2A729200F19001FF2FD /* EnemyAction.swift */; };
		E343C51D291A2134006B73F4 /* Component.swift in Sources */ = {isa = PBXBuildFile; fileRef = E343C51C291A2134006B73F4 /* Component.swift */; };
		E343C51F291A2367006B73F4 /* CollisionComponent.swift in Sources */ = {isa = PBXBuildFile; fileRef = E343C51E291A2367006B73F4 /* CollisionComponent.swift */; };
		E343C521291A2852006B73F4 /* EvolveComponent.swift in Sources */ = {isa = PBXBuildFile; fileRef = E343C520291A2852006B73F4 /* EvolveComponent.swift */; };
		E343C523291A316F006B73F4 /* WeaponComponent.swift in Sources */ = {isa = PBXBuildFile; fileRef = E343C522291A316F006B73F4 /* WeaponComponent.swift */; };
		E343C525291A3D05006B73F4 /* ActionComponent.swift in Sources */ = {isa = PBXBuildFile; fileRef = E343C524291A3D05006B73F4 /* ActionComponent.swift */; };
		E343C527291C3C1F006B73F4 /* boom.wav in Resources */ = {isa = PBXBuildFile; fileRef = E343C526291C3C1F006B73F4 /* boom.wav */; };
		E34DA6C62912A7BC009163E1 /* SpriteKit+Extensions.swift in Sources */ = {isa = PBXBuildFile; fileRef = E34DA6C52912A7BC009163E1 /* SpriteKit+Extensions.swift */; };
		E34DA6C82912A83E009163E1 /* RNG.swift in Sources */ = {isa = PBXBuildFile; fileRef = E34DA6C72912A83E009163E1 /* RNG.swift */; };
		E34DA6CD2912AC8C009163E1 /* soft-light.mp3 in Resources */ = {isa = PBXBuildFile; fileRef = E34DA6CC2912AC8C009163E1 /* soft-light.mp3 */; };
		E34DA6D02912AD31009163E1 /* GameConstants.swift in Sources */ = {isa = PBXBuildFile; fileRef = E34DA6CF2912AD31009163E1 /* GameConstants.swift */; };
		E34DA6D22912AE4A009163E1 /* soft.mp3 in Resources */ = {isa = PBXBuildFile; fileRef = E34DA6D12912AE4A009163E1 /* soft.mp3 */; };
		E35013A329182D3A00430F5A /* bass-shoot-1.mp3 in Resources */ = {isa = PBXBuildFile; fileRef = E35013A229182D3A00430F5A /* bass-shoot-1.mp3 */; };
		E35013A529182E4200430F5A /* bass-shoot-2.mp3 in Resources */ = {isa = PBXBuildFile; fileRef = E35013A429182E4200430F5A /* bass-shoot-2.mp3 */; };
		E35013A729182F8800430F5A /* bass-shoot-3.mp3 in Resources */ = {isa = PBXBuildFile; fileRef = E35013A629182F8800430F5A /* bass-shoot-3.mp3 */; };
		E35013A92918A9DA00430F5A /* lazer-1.wav in Resources */ = {isa = PBXBuildFile; fileRef = E35013A82918A9D900430F5A /* lazer-1.wav */; };
		E35013AB2918AADC00430F5A /* lazer-2.wav in Resources */ = {isa = PBXBuildFile; fileRef = E35013AA2918AADC00430F5A /* lazer-2.wav */; };
		E35013AD2918AC8300430F5A /* damage-1.wav in Resources */ = {isa = PBXBuildFile; fileRef = E35013AC2918AC8300430F5A /* damage-1.wav */; };
		E39E46B0291DBE1400D42D8E /* CombatState.swift in Sources */ = {isa = PBXBuildFile; fileRef = E39E46AF291DBE1400D42D8E /* CombatState.swift */; };
		E39E46B4291DBE2C00D42D8E /* FleeState.swift in Sources */ = {isa = PBXBuildFile; fileRef = E39E46B3291DBE2C00D42D8E /* FleeState.swift */; };
		E3BC023129161630000B807A /* SHKWater.fsh in Resources */ = {isa = PBXBuildFile; fileRef = E3BC022A29161630000B807A /* SHKWater.fsh */; };
		E3BC023229161630000B807A /* SHKLightGrid.fsh in Resources */ = {isa = PBXBuildFile; fileRef = E3BC022B29161630000B807A /* SHKLightGrid.fsh */; };
		E3BC023329161630000B807A /* SHKColorize.fsh in Resources */ = {isa = PBXBuildFile; fileRef = E3BC022C29161630000B807A /* SHKColorize.fsh */; };
		E3BC023429161630000B807A /* CircleWave.fsh in Resources */ = {isa = PBXBuildFile; fileRef = E3BC022D29161630000B807A /* CircleWave.fsh */; };
		E3BC023529161630000B807A /* SHKCheckerboard.fsh in Resources */ = {isa = PBXBuildFile; fileRef = E3BC022E29161630000B807A /* SHKCheckerboard.fsh */; };
		E3BC023629161630000B807A /* SHKEmbossColor.fsh in Resources */ = {isa = PBXBuildFile; fileRef = E3BC022F29161630000B807A /* SHKEmbossColor.fsh */; };
		E3BC023729161630000B807A /* SHKPixelate.fsh in Resources */ = {isa = PBXBuildFile; fileRef = E3BC023029161630000B807A /* SHKPixelate.fsh */; };
		E3BC023929161878000B807A /* Shaders.swift in Sources */ = {isa = PBXBuildFile; fileRef = E3BC023829161878000B807A /* Shaders.swift */; };
		E3BC023B2916B97A000B807A /* SKTexture+Extensions.swift in Sources */ = {isa = PBXBuildFile; fileRef = E3BC023A2916B97A000B807A /* SKTexture+Extensions.swift */; };
		E3BC023D2916BFB1000B807A /* Color.swift in Sources */ = {isa = PBXBuildFile; fileRef = E3BC023C2916BFB1000B807A /* Color.swift */; };
		E3BC023F2917F78E000B807A /* bass-shoot-0.mp3 in Resources */ = {isa = PBXBuildFile; fileRef = E3BC023E2917F78D000B807A /* bass-shoot-0.mp3 */; };
		E3E11BEB291D536B00208EA2 /* GameWorld.swift in Sources */ = {isa = PBXBuildFile; fileRef = E3E11BEA291D536B00208EA2 /* GameWorld.swift */; };
		E3E11BEF291D872E00208EA2 /* PlayState.swift in Sources */ = {isa = PBXBuildFile; fileRef = E3E11BED291D872E00208EA2 /* PlayState.swift */; };
		E3E11BF0291D872E00208EA2 /* PauseState.swift in Sources */ = {isa = PBXBuildFile; fileRef = E3E11BEE291D872E00208EA2 /* PauseState.swift */; };
		E3E11BF2291D874300208EA2 /* GameState.swift in Sources */ = {isa = PBXBuildFile; fileRef = E3E11BF1291D874300208EA2 /* GameState.swift */; };
		E3F07431291DC3D8007E144B /* DamageResponseState.swift in Sources */ = {isa = PBXBuildFile; fileRef = E3F07430291DC3D8007E144B /* DamageResponseState.swift */; };
		E3F07434291DC431007E144B /* EnemyActionMachine.swift in Sources */ = {isa = PBXBuildFile; fileRef = E3F07433291DC431007E144B /* EnemyActionMachine.swift */; };
		E3F07437291DC97A007E144B /* StateComponent.swift in Sources */ = {isa = PBXBuildFile; fileRef = E3F07436291DC97A007E144B /* StateComponent.swift */; };
		E3F07439291DFEE6007E144B /* TargetComponent.swift in Sources */ = {isa = PBXBuildFile; fileRef = E3F07438291DFEE6007E144B /* TargetComponent.swift */; };
/* End PBXBuildFile section */

/* Begin PBXFileReference section */
		3D272482274C3C4A0084E7F5 /* Entity.swift */ = {isa = PBXFileReference; lastKnownFileType = sourcecode.swift; path = Entity.swift; sourceTree = "<group>"; };
		3D272484274C7CD20084E7F5 /* spark.sks */ = {isa = PBXFileReference; lastKnownFileType = file.sks; path = spark.sks; sourceTree = "<group>"; };
		3D272486274C7CF00084E7F5 /* magic.sks */ = {isa = PBXFileReference; lastKnownFileType = file.sks; path = magic.sks; sourceTree = "<group>"; };
		3D28C257205CF0F70058771E /* EntityManager.swift */ = {isa = PBXFileReference; lastKnownFileType = sourcecode.swift; path = EntityManager.swift; sourceTree = "<group>"; };
		3D28C259205CF1700058771E /* HealthComponent.swift */ = {isa = PBXFileReference; lastKnownFileType = sourcecode.swift; path = HealthComponent.swift; sourceTree = "<group>"; };
		3D28C25D205CF6180058771E /* MoveComponent.swift */ = {isa = PBXFileReference; lastKnownFileType = sourcecode.swift; path = MoveComponent.swift; sourceTree = "<group>"; };
		3D36AA2D2063944A0004A9DF /* ActionMachine.swift */ = {isa = PBXFileReference; lastKnownFileType = sourcecode.swift; path = ActionMachine.swift; sourceTree = "<group>"; };
		3D4D468F2058765B00747B26 /* Enemy.swift */ = {isa = PBXFileReference; lastKnownFileType = sourcecode.swift; path = Enemy.swift; sourceTree = "<group>"; };
		3D55FDE5205B7DB70059FC92 /* Obstacle.swift */ = {isa = PBXFileReference; lastKnownFileType = sourcecode.swift; path = Obstacle.swift; sourceTree = "<group>"; };
		3D55FDE9205BD19E0059FC92 /* Useful.swift */ = {isa = PBXFileReference; lastKnownFileType = sourcecode.swift; path = Useful.swift; sourceTree = "<group>"; };
		3D59A2E2205A60A5006CAB22 /* QuickMaths.swift */ = {isa = PBXFileReference; fileEncoding = 4; lastKnownFileType = sourcecode.swift; path = QuickMaths.swift; sourceTree = "<group>"; };
		3DA7C5AE2051FC9E005C60B9 /* dashable.app */ = {isa = PBXFileReference; explicitFileType = wrapper.application; includeInIndex = 0; path = dashable.app; sourceTree = BUILT_PRODUCTS_DIR; };
		3DA7C5B12051FC9E005C60B9 /* AppDelegate.swift */ = {isa = PBXFileReference; lastKnownFileType = sourcecode.swift; path = AppDelegate.swift; sourceTree = "<group>"; };
		3DA7C5B72051FC9E005C60B9 /* GameScene.swift */ = {isa = PBXFileReference; lastKnownFileType = sourcecode.swift; path = GameScene.swift; sourceTree = "<group>"; };
		3DA7C5B92051FC9E005C60B9 /* GameViewController.swift */ = {isa = PBXFileReference; lastKnownFileType = sourcecode.swift; path = GameViewController.swift; sourceTree = "<group>"; };
		3DA7C5BC2051FC9E005C60B9 /* Base */ = {isa = PBXFileReference; lastKnownFileType = file.storyboard; name = Base; path = Base.lproj/Main.storyboard; sourceTree = "<group>"; };
		3DA7C5BE2051FC9E005C60B9 /* Assets.xcassets */ = {isa = PBXFileReference; lastKnownFileType = folder.assetcatalog; path = Assets.xcassets; sourceTree = "<group>"; };
		3DA7C5C12051FC9E005C60B9 /* Base */ = {isa = PBXFileReference; lastKnownFileType = file.storyboard; name = Base; path = Base.lproj/LaunchScreen.storyboard; sourceTree = "<group>"; };
		3DA7C5C32051FC9E005C60B9 /* Info.plist */ = {isa = PBXFileReference; lastKnownFileType = text.plist.xml; path = Info.plist; sourceTree = "<group>"; };
		3DA7C5CA2051FE71005C60B9 /* Ground.swift */ = {isa = PBXFileReference; lastKnownFileType = sourcecode.swift; path = Ground.swift; sourceTree = "<group>"; };
		3DA7C5CC2051FE77005C60B9 /* Player.swift */ = {isa = PBXFileReference; lastKnownFileType = sourcecode.swift; path = Player.swift; sourceTree = "<group>"; };
		3DA7C5CE2051FFA0005C60B9 /* PhysicsCategories.swift */ = {isa = PBXFileReference; lastKnownFileType = sourcecode.swift; path = PhysicsCategories.swift; sourceTree = "<group>"; };
		3DAAFD772748793000CE5D49 /* Styles.swift */ = {isa = PBXFileReference; lastKnownFileType = sourcecode.swift; path = Styles.swift; sourceTree = "<group>"; };
		3DAAFD7927494CCF00CE5D49 /* Projectile.swift */ = {isa = PBXFileReference; lastKnownFileType = sourcecode.swift; path = Projectile.swift; sourceTree = "<group>"; };
		3DEBB395205B02010017C9BB /* AnalogJoystick.swift */ = {isa = PBXFileReference; fileEncoding = 4; lastKnownFileType = sourcecode.swift; path = AnalogJoystick.swift; sourceTree = "<group>"; };
		3DEDC91B2063549E0076364E /* CGVector+Extensions.swift */ = {isa = PBXFileReference; lastKnownFileType = sourcecode.swift; path = "CGVector+Extensions.swift"; sourceTree = "<group>"; };
		E326C2A129200EEF001FF2FD /* Attacking.swift */ = {isa = PBXFileReference; lastKnownFileType = sourcecode.swift; path = Attacking.swift; sourceTree = "<group>"; };
		E326C2A529200F0A001FF2FD /* Chasing.swift */ = {isa = PBXFileReference; lastKnownFileType = sourcecode.swift; path = Chasing.swift; sourceTree = "<group>"; };
		E326C2A729200F19001FF2FD /* EnemyAction.swift */ = {isa = PBXFileReference; lastKnownFileType = sourcecode.swift; path = EnemyAction.swift; sourceTree = "<group>"; };
		E343C51C291A2134006B73F4 /* Component.swift */ = {isa = PBXFileReference; lastKnownFileType = sourcecode.swift; path = Component.swift; sourceTree = "<group>"; };
		E343C51E291A2367006B73F4 /* CollisionComponent.swift */ = {isa = PBXFileReference; lastKnownFileType = sourcecode.swift; path = CollisionComponent.swift; sourceTree = "<group>"; };
		E343C520291A2852006B73F4 /* EvolveComponent.swift */ = {isa = PBXFileReference; lastKnownFileType = sourcecode.swift; path = EvolveComponent.swift; sourceTree = "<group>"; };
		E343C522291A316F006B73F4 /* WeaponComponent.swift */ = {isa = PBXFileReference; lastKnownFileType = sourcecode.swift; path = WeaponComponent.swift; sourceTree = "<group>"; };
		E343C524291A3D05006B73F4 /* ActionComponent.swift */ = {isa = PBXFileReference; lastKnownFileType = sourcecode.swift; path = ActionComponent.swift; sourceTree = "<group>"; };
		E343C526291C3C1F006B73F4 /* boom.wav */ = {isa = PBXFileReference; lastKnownFileType = audio.wav; path = boom.wav; sourceTree = "<group>"; };
		E34DA6C52912A7BC009163E1 /* SpriteKit+Extensions.swift */ = {isa = PBXFileReference; fileEncoding = 4; lastKnownFileType = sourcecode.swift; path = "SpriteKit+Extensions.swift"; sourceTree = "<group>"; };
		E34DA6C72912A83E009163E1 /* RNG.swift */ = {isa = PBXFileReference; fileEncoding = 4; lastKnownFileType = sourcecode.swift; path = RNG.swift; sourceTree = "<group>"; };
		E34DA6CC2912AC8C009163E1 /* soft-light.mp3 */ = {isa = PBXFileReference; lastKnownFileType = audio.mp3; path = "soft-light.mp3"; sourceTree = "<group>"; };
		E34DA6CF2912AD31009163E1 /* GameConstants.swift */ = {isa = PBXFileReference; lastKnownFileType = sourcecode.swift; path = GameConstants.swift; sourceTree = "<group>"; };
		E34DA6D12912AE4A009163E1 /* soft.mp3 */ = {isa = PBXFileReference; lastKnownFileType = audio.mp3; path = soft.mp3; sourceTree = "<group>"; };
		E35013A229182D3A00430F5A /* bass-shoot-1.mp3 */ = {isa = PBXFileReference; lastKnownFileType = audio.mp3; path = "bass-shoot-1.mp3"; sourceTree = "<group>"; };
		E35013A429182E4200430F5A /* bass-shoot-2.mp3 */ = {isa = PBXFileReference; lastKnownFileType = audio.mp3; path = "bass-shoot-2.mp3"; sourceTree = "<group>"; };
		E35013A629182F8800430F5A /* bass-shoot-3.mp3 */ = {isa = PBXFileReference; lastKnownFileType = audio.mp3; path = "bass-shoot-3.mp3"; sourceTree = "<group>"; };
		E35013A82918A9D900430F5A /* lazer-1.wav */ = {isa = PBXFileReference; lastKnownFileType = audio.wav; path = "lazer-1.wav"; sourceTree = "<group>"; };
		E35013AA2918AADC00430F5A /* lazer-2.wav */ = {isa = PBXFileReference; lastKnownFileType = audio.wav; path = "lazer-2.wav"; sourceTree = "<group>"; };
		E35013AC2918AC8300430F5A /* damage-1.wav */ = {isa = PBXFileReference; lastKnownFileType = audio.wav; path = "damage-1.wav"; sourceTree = "<group>"; };
		E39E46AF291DBE1400D42D8E /* CombatState.swift */ = {isa = PBXFileReference; lastKnownFileType = sourcecode.swift; path = CombatState.swift; sourceTree = "<group>"; };
		E39E46B3291DBE2C00D42D8E /* FleeState.swift */ = {isa = PBXFileReference; lastKnownFileType = sourcecode.swift; path = FleeState.swift; sourceTree = "<group>"; };
		E3BC022A29161630000B807A /* SHKWater.fsh */ = {isa = PBXFileReference; fileEncoding = 4; lastKnownFileType = sourcecode.glsl; path = SHKWater.fsh; sourceTree = "<group>"; };
		E3BC022B29161630000B807A /* SHKLightGrid.fsh */ = {isa = PBXFileReference; fileEncoding = 4; lastKnownFileType = sourcecode.glsl; path = SHKLightGrid.fsh; sourceTree = "<group>"; };
		E3BC022C29161630000B807A /* SHKColorize.fsh */ = {isa = PBXFileReference; fileEncoding = 4; lastKnownFileType = sourcecode.glsl; path = SHKColorize.fsh; sourceTree = "<group>"; };
		E3BC022D29161630000B807A /* CircleWave.fsh */ = {isa = PBXFileReference; fileEncoding = 4; lastKnownFileType = sourcecode.glsl; path = CircleWave.fsh; sourceTree = "<group>"; };
		E3BC022E29161630000B807A /* SHKCheckerboard.fsh */ = {isa = PBXFileReference; fileEncoding = 4; lastKnownFileType = sourcecode.glsl; path = SHKCheckerboard.fsh; sourceTree = "<group>"; };
		E3BC022F29161630000B807A /* SHKEmbossColor.fsh */ = {isa = PBXFileReference; fileEncoding = 4; lastKnownFileType = sourcecode.glsl; path = SHKEmbossColor.fsh; sourceTree = "<group>"; };
		E3BC023029161630000B807A /* SHKPixelate.fsh */ = {isa = PBXFileReference; fileEncoding = 4; lastKnownFileType = sourcecode.glsl; path = SHKPixelate.fsh; sourceTree = "<group>"; };
		E3BC023829161878000B807A /* Shaders.swift */ = {isa = PBXFileReference; lastKnownFileType = sourcecode.swift; path = Shaders.swift; sourceTree = "<group>"; };
		E3BC023A2916B97A000B807A /* SKTexture+Extensions.swift */ = {isa = PBXFileReference; lastKnownFileType = sourcecode.swift; path = "SKTexture+Extensions.swift"; sourceTree = "<group>"; };
		E3BC023C2916BFB1000B807A /* Color.swift */ = {isa = PBXFileReference; lastKnownFileType = sourcecode.swift; path = Color.swift; sourceTree = "<group>"; };
		E3BC023E2917F78D000B807A /* bass-shoot-0.mp3 */ = {isa = PBXFileReference; lastKnownFileType = audio.mp3; path = "bass-shoot-0.mp3"; sourceTree = "<group>"; };
		E3E11BEA291D536B00208EA2 /* GameWorld.swift */ = {isa = PBXFileReference; lastKnownFileType = sourcecode.swift; path = GameWorld.swift; sourceTree = "<group>"; };
		E3E11BED291D872E00208EA2 /* PlayState.swift */ = {isa = PBXFileReference; fileEncoding = 4; lastKnownFileType = sourcecode.swift; path = PlayState.swift; sourceTree = "<group>"; };
		E3E11BEE291D872E00208EA2 /* PauseState.swift */ = {isa = PBXFileReference; fileEncoding = 4; lastKnownFileType = sourcecode.swift; path = PauseState.swift; sourceTree = "<group>"; };
		E3E11BF1291D874300208EA2 /* GameState.swift */ = {isa = PBXFileReference; fileEncoding = 4; lastKnownFileType = sourcecode.swift; path = GameState.swift; sourceTree = "<group>"; };
		E3F07430291DC3D8007E144B /* DamageResponseState.swift */ = {isa = PBXFileReference; lastKnownFileType = sourcecode.swift; path = DamageResponseState.swift; sourceTree = "<group>"; };
		E3F07433291DC431007E144B /* EnemyActionMachine.swift */ = {isa = PBXFileReference; lastKnownFileType = sourcecode.swift; path = EnemyActionMachine.swift; sourceTree = "<group>"; };
		E3F07436291DC97A007E144B /* StateComponent.swift */ = {isa = PBXFileReference; lastKnownFileType = sourcecode.swift; path = StateComponent.swift; sourceTree = "<group>"; };
		E3F07438291DFEE6007E144B /* TargetComponent.swift */ = {isa = PBXFileReference; lastKnownFileType = sourcecode.swift; path = TargetComponent.swift; sourceTree = "<group>"; };
/* End PBXFileReference section */

/* Begin PBXFrameworksBuildPhase section */
		3DA7C5AB2051FC9D005C60B9 /* Frameworks */ = {
			isa = PBXFrameworksBuildPhase;
			buildActionMask = 2147483647;
			files = (
			);
			runOnlyForDeploymentPostprocessing = 0;
		};
/* End PBXFrameworksBuildPhase section */

/* Begin PBXGroup section */
		3D28C253205CF04B0058771E /* Entities */ = {
			isa = PBXGroup;
			children = (
				3DA7C5CA2051FE71005C60B9 /* Ground.swift */,
				3DA7C5CC2051FE77005C60B9 /* Player.swift */,
				E39E46AE291DBDEE00D42D8E /* Enemy */,
				3D55FDE5205B7DB70059FC92 /* Obstacle.swift */,
				3D272482274C3C4A0084E7F5 /* Entity.swift */,
				3D28C257205CF0F70058771E /* EntityManager.swift */,
			);
			path = Entities;
			sourceTree = "<group>";
		};
		3D28C254205CF0540058771E /* Components */ = {
			isa = PBXGroup;
			children = (
				3D28C259205CF1700058771E /* HealthComponent.swift */,
				E343C524291A3D05006B73F4 /* ActionComponent.swift */,
				3D28C25D205CF6180058771E /* MoveComponent.swift */,
				E343C51C291A2134006B73F4 /* Component.swift */,
				E343C51E291A2367006B73F4 /* CollisionComponent.swift */,
				E343C520291A2852006B73F4 /* EvolveComponent.swift */,
				E343C522291A316F006B73F4 /* WeaponComponent.swift */,
				E3F07436291DC97A007E144B /* StateComponent.swift */,
				E3F07438291DFEE6007E144B /* TargetComponent.swift */,
			);
			path = Components;
			sourceTree = "<group>";
		};
		3D59A2E1205A60A5006CAB22 /* Helper */ = {
			isa = PBXGroup;
			children = (
				3DEBB395205B02010017C9BB /* AnalogJoystick.swift */,
				3D55FDE9205BD19E0059FC92 /* Useful.swift */,
				E34DA6C72912A83E009163E1 /* RNG.swift */,
				3D59A2E2205A60A5006CAB22 /* QuickMaths.swift */,
				3DAAFD772748793000CE5D49 /* Styles.swift */,
				E3BC023C2916BFB1000B807A /* Color.swift */,
			);
			path = Helper;
			sourceTree = "<group>";
		};
		3DA7C5A52051FC9D005C60B9 = {
			isa = PBXGroup;
			children = (
				3DA7C5B02051FC9E005C60B9 /* dashable */,
				3DA7C5AF2051FC9E005C60B9 /* Products */,
			);
			sourceTree = "<group>";
		};
		3DA7C5AF2051FC9E005C60B9 /* Products */ = {
			isa = PBXGroup;
			children = (
				3DA7C5AE2051FC9E005C60B9 /* dashable.app */,
			);
			name = Products;
			sourceTree = "<group>";
		};
		3DA7C5B02051FC9E005C60B9 /* dashable */ = {
			isa = PBXGroup;
			children = (
				E34DA6CE2912AC98009163E1 /* Game */,
				3DA7C5C92051FE64005C60B9 /* Nodes */,
				3D28C253205CF04B0058771E /* Entities */,
				3D28C254205CF0540058771E /* Components */,
				3DEDC91A2063548A0076364E /* Extensions */,
				3D59A2E1205A60A5006CAB22 /* Helper */,
				E34DA6CA2912AC6B009163E1 /* Assets */,
				3DA7C5C32051FC9E005C60B9 /* Info.plist */,
			);
			path = dashable;
			sourceTree = "<group>";
		};
		3DA7C5C92051FE64005C60B9 /* Nodes */ = {
			isa = PBXGroup;
			children = (
				3DA7C5CE2051FFA0005C60B9 /* PhysicsCategories.swift */,
				3DAAFD7927494CCF00CE5D49 /* Projectile.swift */,
			);
			path = Nodes;
			sourceTree = "<group>";
		};
		3DEDC91A2063548A0076364E /* Extensions */ = {
			isa = PBXGroup;
			children = (
				3DEDC91B2063549E0076364E /* CGVector+Extensions.swift */,
				E34DA6C52912A7BC009163E1 /* SpriteKit+Extensions.swift */,
				E3BC023829161878000B807A /* Shaders.swift */,
				E3BC023A2916B97A000B807A /* SKTexture+Extensions.swift */,
			);
			path = Extensions;
			sourceTree = "<group>";
		};
		E326C2A029200EDD001FF2FD /* Action */ = {
			isa = PBXGroup;
			children = (
				E326C2A129200EEF001FF2FD /* Attacking.swift */,
				E326C2A529200F0A001FF2FD /* Chasing.swift */,
				E326C2A729200F19001FF2FD /* EnemyAction.swift */,
				E3F07433291DC431007E144B /* EnemyActionMachine.swift */,
			);
			path = Action;
			sourceTree = "<group>";
		};
		E34DA6CA2912AC6B009163E1 /* Assets */ = {
			isa = PBXGroup;
			children = (
				E3BC0229291615FF000B807A /* Shaders */,
				3DA7C5BB2051FC9E005C60B9 /* Main.storyboard */,
				3DA7C5BE2051FC9E005C60B9 /* Assets.xcassets */,
				3DA7C5C02051FC9E005C60B9 /* LaunchScreen.storyboard */,
				E34DA6CB2912AC7D009163E1 /* Sounds */,
				3D272486274C7CF00084E7F5 /* magic.sks */,
				3D272484274C7CD20084E7F5 /* spark.sks */,
			);
			path = Assets;
			sourceTree = "<group>";
		};
		E34DA6CB2912AC7D009163E1 /* Sounds */ = {
			isa = PBXGroup;
			children = (
				E343C526291C3C1F006B73F4 /* boom.wav */,
				E35013AC2918AC8300430F5A /* damage-1.wav */,
				E35013A82918A9D900430F5A /* lazer-1.wav */,
				E35013AA2918AADC00430F5A /* lazer-2.wav */,
				E35013A629182F8800430F5A /* bass-shoot-3.mp3 */,
				E35013A429182E4200430F5A /* bass-shoot-2.mp3 */,
				E35013A229182D3A00430F5A /* bass-shoot-1.mp3 */,
				E34DA6CC2912AC8C009163E1 /* soft-light.mp3 */,
				E3BC023E2917F78D000B807A /* bass-shoot-0.mp3 */,
				E34DA6D12912AE4A009163E1 /* soft.mp3 */,
			);
			path = Sounds;
			sourceTree = "<group>";
		};
		E34DA6CE2912AC98009163E1 /* Game */ = {
			isa = PBXGroup;
			children = (
				E3F07432291DC411007E144B /* States */,
				3DA7C5B12051FC9E005C60B9 /* AppDelegate.swift */,
				3DA7C5B72051FC9E005C60B9 /* GameScene.swift */,
				3DA7C5B92051FC9E005C60B9 /* GameViewController.swift */,
				E34DA6CF2912AD31009163E1 /* GameConstants.swift */,
				E3E11BEA291D536B00208EA2 /* GameWorld.swift */,
			);
			path = Game;
			sourceTree = "<group>";
		};
		E39E46AE291DBDEE00D42D8E /* Enemy */ = {
			isa = PBXGroup;
			children = (
				E326C2A029200EDD001FF2FD /* Action */,
				E3C7B9FF291E877E008A769A /* State */,
				3D4D468F2058765B00747B26 /* Enemy.swift */,
				E3F07430291DC3D8007E144B /* DamageResponseState.swift */,
			);
			path = Enemy;
			sourceTree = "<group>";
		};
		E3BC0229291615FF000B807A /* Shaders */ = {
			isa = PBXGroup;
			children = (
				E3BC022E29161630000B807A /* SHKCheckerboard.fsh */,
				E3BC022D29161630000B807A /* CircleWave.fsh */,
				E3BC022C29161630000B807A /* SHKColorize.fsh */,
				E3BC022F29161630000B807A /* SHKEmbossColor.fsh */,
				E3BC022B29161630000B807A /* SHKLightGrid.fsh */,
				E3BC023029161630000B807A /* SHKPixelate.fsh */,
				E3BC022A29161630000B807A /* SHKWater.fsh */,
			);
			path = Shaders;
			sourceTree = "<group>";
		};
		E3C7B9FF291E877E008A769A /* State */ = {
			isa = PBXGroup;
			children = (
				3D36AA2D2063944A0004A9DF /* ActionMachine.swift */,
				E39E46AF291DBE1400D42D8E /* CombatState.swift */,
				E39E46B3291DBE2C00D42D8E /* FleeState.swift */,
			);
			path = State;
			sourceTree = "<group>";
		};
		E3F07432291DC411007E144B /* States */ = {
			isa = PBXGroup;
			children = (
				E3E11BEE291D872E00208EA2 /* PauseState.swift */,
				E3E11BF1291D874300208EA2 /* GameState.swift */,
				E3E11BED291D872E00208EA2 /* PlayState.swift */,
			);
			path = States;
			sourceTree = "<group>";
		};
/* End PBXGroup section */

/* Begin PBXNativeTarget section */
		3DA7C5AD2051FC9D005C60B9 /* dashable */ = {
			isa = PBXNativeTarget;
			buildConfigurationList = 3DA7C5C62051FC9E005C60B9 /* Build configuration list for PBXNativeTarget "dashable" */;
			buildPhases = (
				3DA7C5AA2051FC9D005C60B9 /* Sources */,
				3DA7C5AB2051FC9D005C60B9 /* Frameworks */,
				3DA7C5AC2051FC9D005C60B9 /* Resources */,
			);
			buildRules = (
			);
			dependencies = (
			);
			name = dashable;
			productName = dashable;
			productReference = 3DA7C5AE2051FC9E005C60B9 /* dashable.app */;
			productType = "com.apple.product-type.application";
		};
/* End PBXNativeTarget section */

/* Begin PBXProject section */
		3DA7C5A62051FC9D005C60B9 /* Project object */ = {
			isa = PBXProject;
			attributes = {
				LastSwiftUpdateCheck = 0920;
				LastUpgradeCheck = 1250;
				ORGANIZATIONNAME = "Willie Johnson";
				TargetAttributes = {
					3DA7C5AD2051FC9D005C60B9 = {
						CreatedOnToolsVersion = 9.2;
						LastSwiftMigration = "";
						ProvisioningStyle = Automatic;
					};
				};
			};
			buildConfigurationList = 3DA7C5A92051FC9D005C60B9 /* Build configuration list for PBXProject "dashable" */;
			compatibilityVersion = "Xcode 8.0";
			developmentRegion = en;
			hasScannedForEncodings = 0;
			knownRegions = (
				en,
				Base,
			);
			mainGroup = 3DA7C5A52051FC9D005C60B9;
			productRefGroup = 3DA7C5AF2051FC9E005C60B9 /* Products */;
			projectDirPath = "";
			projectRoot = "";
			targets = (
				3DA7C5AD2051FC9D005C60B9 /* dashable */,
			);
		};
/* End PBXProject section */

/* Begin PBXResourcesBuildPhase section */
		3DA7C5AC2051FC9D005C60B9 /* Resources */ = {
			isa = PBXResourcesBuildPhase;
			buildActionMask = 2147483647;
			files = (
				E34DA6D22912AE4A009163E1 /* soft.mp3 in Resources */,
				E3BC023329161630000B807A /* SHKColorize.fsh in Resources */,
				E3BC023F2917F78E000B807A /* bass-shoot-0.mp3 in Resources */,
				E343C527291C3C1F006B73F4 /* boom.wav in Resources */,
				3D272487274C7CF00084E7F5 /* magic.sks in Resources */,
				E35013A92918A9DA00430F5A /* lazer-1.wav in Resources */,
				E34DA6CD2912AC8C009163E1 /* soft-light.mp3 in Resources */,
				E3BC023229161630000B807A /* SHKLightGrid.fsh in Resources */,
				E3BC023529161630000B807A /* SHKCheckerboard.fsh in Resources */,
				3DA7C5BD2051FC9E005C60B9 /* Main.storyboard in Resources */,
				E3BC023429161630000B807A /* CircleWave.fsh in Resources */,
				E3BC023129161630000B807A /* SHKWater.fsh in Resources */,
				3D272485274C7CD20084E7F5 /* spark.sks in Resources */,
				E35013AB2918AADC00430F5A /* lazer-2.wav in Resources */,
				E3BC023729161630000B807A /* SHKPixelate.fsh in Resources */,
				E3BC023629161630000B807A /* SHKEmbossColor.fsh in Resources */,
				E35013A729182F8800430F5A /* bass-shoot-3.mp3 in Resources */,
				3DA7C5BF2051FC9E005C60B9 /* Assets.xcassets in Resources */,
				E35013A529182E4200430F5A /* bass-shoot-2.mp3 in Resources */,
				3DA7C5C22051FC9E005C60B9 /* LaunchScreen.storyboard in Resources */,
				E35013A329182D3A00430F5A /* bass-shoot-1.mp3 in Resources */,
				E35013AD2918AC8300430F5A /* damage-1.wav in Resources */,
			);
			runOnlyForDeploymentPostprocessing = 0;
		};
/* End PBXResourcesBuildPhase section */

/* Begin PBXSourcesBuildPhase section */
		3DA7C5AA2051FC9D005C60B9 /* Sources */ = {
			isa = PBXSourcesBuildPhase;
			buildActionMask = 2147483647;
			files = (
				3DAAFD7A27494CD000CE5D49 /* Projectile.swift in Sources */,
				E3E11BEF291D872E00208EA2 /* PlayState.swift in Sources */,
				E343C51D291A2134006B73F4 /* Component.swift in Sources */,
				3D4D46902058765B00747B26 /* Enemy.swift in Sources */,
				3D272483274C3C4A0084E7F5 /* Entity.swift in Sources */,
				E3F07434291DC431007E144B /* EnemyActionMachine.swift in Sources */,
				3DEBB396205B02010017C9BB /* AnalogJoystick.swift in Sources */,
				3D28C25A205CF1700058771E /* HealthComponent.swift in Sources */,
				E34DA6D02912AD31009163E1 /* GameConstants.swift in Sources */,
				E3E11BF0291D872E00208EA2 /* PauseState.swift in Sources */,
				3D36AA2E2063944A0004A9DF /* ActionMachine.swift in Sources */,
				3D55FDE6205B7DB70059FC92 /* Obstacle.swift in Sources */,
				E34DA6C62912A7BC009163E1 /* SpriteKit+Extensions.swift in Sources */,
				E3F07439291DFEE6007E144B /* TargetComponent.swift in Sources */,
				E39E46B0291DBE1400D42D8E /* CombatState.swift in Sources */,
				3DA7C5B82051FC9E005C60B9 /* GameScene.swift in Sources */,
				3DEDC91C2063549E0076364E /* CGVector+Extensions.swift in Sources */,
				E3BC023929161878000B807A /* Shaders.swift in Sources */,
				3DA7C5CF2051FFA0005C60B9 /* PhysicsCategories.swift in Sources */,
				3DA7C5BA2051FC9E005C60B9 /* GameViewController.swift in Sources */,
				3D28C25E205CF6180058771E /* MoveComponent.swift in Sources */,
				E326C2A629200F0A001FF2FD /* Chasing.swift in Sources */,
				E343C525291A3D05006B73F4 /* ActionComponent.swift in Sources */,
				E343C523291A316F006B73F4 /* WeaponComponent.swift in Sources */,
				E39E46B4291DBE2C00D42D8E /* FleeState.swift in Sources */,
				E3E11BF2291D874300208EA2 /* GameState.swift in Sources */,
				E3E11BEB291D536B00208EA2 /* GameWorld.swift in Sources */,
				3D28C258205CF0F70058771E /* EntityManager.swift in Sources */,
				E3F07431291DC3D8007E144B /* DamageResponseState.swift in Sources */,
				E3F07437291DC97A007E144B /* StateComponent.swift in Sources */,
				E3BC023D2916BFB1000B807A /* Color.swift in Sources */,
				E343C51F291A2367006B73F4 /* CollisionComponent.swift in Sources */,
				3D55FDEA205BD19E0059FC92 /* Useful.swift in Sources */,
				E34DA6C82912A83E009163E1 /* RNG.swift in Sources */,
				E343C521291A2852006B73F4 /* EvolveComponent.swift in Sources */,
				E326C2A829200F19001FF2FD /* EnemyAction.swift in Sources */,
				3DAAFD782748793000CE5D49 /* Styles.swift in Sources */,
				3DA7C5CB2051FE71005C60B9 /* Ground.swift in Sources */,
				3D59A2E3205A60A5006CAB22 /* QuickMaths.swift in Sources */,
				3DA7C5CD2051FE77005C60B9 /* Player.swift in Sources */,
				3DA7C5B22051FC9E005C60B9 /* AppDelegate.swift in Sources */,
				E3BC023B2916B97A000B807A /* SKTexture+Extensions.swift in Sources */,
				E326C2A229200EEF001FF2FD /* Attacking.swift in Sources */,
			);
			runOnlyForDeploymentPostprocessing = 0;
		};
/* End PBXSourcesBuildPhase section */

/* Begin PBXVariantGroup section */
		3DA7C5BB2051FC9E005C60B9 /* Main.storyboard */ = {
			isa = PBXVariantGroup;
			children = (
				3DA7C5BC2051FC9E005C60B9 /* Base */,
			);
			name = Main.storyboard;
			sourceTree = "<group>";
		};
		3DA7C5C02051FC9E005C60B9 /* LaunchScreen.storyboard */ = {
			isa = PBXVariantGroup;
			children = (
				3DA7C5C12051FC9E005C60B9 /* Base */,
			);
			name = LaunchScreen.storyboard;
			sourceTree = "<group>";
		};
/* End PBXVariantGroup section */

/* Begin XCBuildConfiguration section */
		3DA7C5C42051FC9E005C60B9 /* Debug */ = {
			isa = XCBuildConfiguration;
			buildSettings = {
				ALWAYS_SEARCH_USER_PATHS = NO;
				CLANG_ANALYZER_NONNULL = YES;
				CLANG_ANALYZER_NUMBER_OBJECT_CONVERSION = YES_AGGRESSIVE;
				CLANG_CXX_LANGUAGE_STANDARD = "gnu++14";
				CLANG_CXX_LIBRARY = "libc++";
				CLANG_ENABLE_MODULES = YES;
				CLANG_ENABLE_OBJC_ARC = YES;
				CLANG_WARN_BLOCK_CAPTURE_AUTORELEASING = YES;
				CLANG_WARN_BOOL_CONVERSION = YES;
				CLANG_WARN_COMMA = YES;
				CLANG_WARN_CONSTANT_CONVERSION = YES;
				CLANG_WARN_DEPRECATED_OBJC_IMPLEMENTATIONS = YES;
				CLANG_WARN_DIRECT_OBJC_ISA_USAGE = YES_ERROR;
				CLANG_WARN_DOCUMENTATION_COMMENTS = YES;
				CLANG_WARN_EMPTY_BODY = YES;
				CLANG_WARN_ENUM_CONVERSION = YES;
				CLANG_WARN_INFINITE_RECURSION = YES;
				CLANG_WARN_INT_CONVERSION = YES;
				CLANG_WARN_NON_LITERAL_NULL_CONVERSION = YES;
				CLANG_WARN_OBJC_IMPLICIT_RETAIN_SELF = YES;
				CLANG_WARN_OBJC_LITERAL_CONVERSION = YES;
				CLANG_WARN_OBJC_ROOT_CLASS = YES_ERROR;
				CLANG_WARN_QUOTED_INCLUDE_IN_FRAMEWORK_HEADER = YES;
				CLANG_WARN_RANGE_LOOP_ANALYSIS = YES;
				CLANG_WARN_STRICT_PROTOTYPES = YES;
				CLANG_WARN_SUSPICIOUS_MOVE = YES;
				CLANG_WARN_UNGUARDED_AVAILABILITY = YES_AGGRESSIVE;
				CLANG_WARN_UNREACHABLE_CODE = YES;
				CLANG_WARN__DUPLICATE_METHOD_MATCH = YES;
				CODE_SIGN_IDENTITY = "iPhone Developer";
				COPY_PHASE_STRIP = NO;
				DEBUG_INFORMATION_FORMAT = dwarf;
				ENABLE_STRICT_OBJC_MSGSEND = YES;
				ENABLE_TESTABILITY = YES;
				GCC_C_LANGUAGE_STANDARD = gnu11;
				GCC_DYNAMIC_NO_PIC = NO;
				GCC_NO_COMMON_BLOCKS = YES;
				GCC_OPTIMIZATION_LEVEL = 0;
				GCC_PREPROCESSOR_DEFINITIONS = (
					"DEBUG=1",
					"$(inherited)",
				);
				GCC_WARN_64_TO_32_BIT_CONVERSION = YES;
				GCC_WARN_ABOUT_RETURN_TYPE = YES_ERROR;
				GCC_WARN_UNDECLARED_SELECTOR = YES;
				GCC_WARN_UNINITIALIZED_AUTOS = YES_AGGRESSIVE;
				GCC_WARN_UNUSED_FUNCTION = YES;
				GCC_WARN_UNUSED_VARIABLE = YES;
				IPHONEOS_DEPLOYMENT_TARGET = 12.0;
				MTL_ENABLE_DEBUG_INFO = YES;
				ONLY_ACTIVE_ARCH = YES;
				SDKROOT = iphoneos;
				SWIFT_ACTIVE_COMPILATION_CONDITIONS = DEBUG;
				SWIFT_OPTIMIZATION_LEVEL = "-Onone";
			};
			name = Debug;
		};
		3DA7C5C52051FC9E005C60B9 /* Release */ = {
			isa = XCBuildConfiguration;
			buildSettings = {
				ALWAYS_SEARCH_USER_PATHS = NO;
				CLANG_ANALYZER_NONNULL = YES;
				CLANG_ANALYZER_NUMBER_OBJECT_CONVERSION = YES_AGGRESSIVE;
				CLANG_CXX_LANGUAGE_STANDARD = "gnu++14";
				CLANG_CXX_LIBRARY = "libc++";
				CLANG_ENABLE_MODULES = YES;
				CLANG_ENABLE_OBJC_ARC = YES;
				CLANG_WARN_BLOCK_CAPTURE_AUTORELEASING = YES;
				CLANG_WARN_BOOL_CONVERSION = YES;
				CLANG_WARN_COMMA = YES;
				CLANG_WARN_CONSTANT_CONVERSION = YES;
				CLANG_WARN_DEPRECATED_OBJC_IMPLEMENTATIONS = YES;
				CLANG_WARN_DIRECT_OBJC_ISA_USAGE = YES_ERROR;
				CLANG_WARN_DOCUMENTATION_COMMENTS = YES;
				CLANG_WARN_EMPTY_BODY = YES;
				CLANG_WARN_ENUM_CONVERSION = YES;
				CLANG_WARN_INFINITE_RECURSION = YES;
				CLANG_WARN_INT_CONVERSION = YES;
				CLANG_WARN_NON_LITERAL_NULL_CONVERSION = YES;
				CLANG_WARN_OBJC_IMPLICIT_RETAIN_SELF = YES;
				CLANG_WARN_OBJC_LITERAL_CONVERSION = YES;
				CLANG_WARN_OBJC_ROOT_CLASS = YES_ERROR;
				CLANG_WARN_QUOTED_INCLUDE_IN_FRAMEWORK_HEADER = YES;
				CLANG_WARN_RANGE_LOOP_ANALYSIS = YES;
				CLANG_WARN_STRICT_PROTOTYPES = YES;
				CLANG_WARN_SUSPICIOUS_MOVE = YES;
				CLANG_WARN_UNGUARDED_AVAILABILITY = YES_AGGRESSIVE;
				CLANG_WARN_UNREACHABLE_CODE = YES;
				CLANG_WARN__DUPLICATE_METHOD_MATCH = YES;
				CODE_SIGN_IDENTITY = "iPhone Developer";
				COPY_PHASE_STRIP = NO;
				DEBUG_INFORMATION_FORMAT = "dwarf-with-dsym";
				ENABLE_NS_ASSERTIONS = NO;
				ENABLE_STRICT_OBJC_MSGSEND = YES;
				GCC_C_LANGUAGE_STANDARD = gnu11;
				GCC_NO_COMMON_BLOCKS = YES;
				GCC_WARN_64_TO_32_BIT_CONVERSION = YES;
				GCC_WARN_ABOUT_RETURN_TYPE = YES_ERROR;
				GCC_WARN_UNDECLARED_SELECTOR = YES;
				GCC_WARN_UNINITIALIZED_AUTOS = YES_AGGRESSIVE;
				GCC_WARN_UNUSED_FUNCTION = YES;
				GCC_WARN_UNUSED_VARIABLE = YES;
				IPHONEOS_DEPLOYMENT_TARGET = 12.0;
				MTL_ENABLE_DEBUG_INFO = NO;
				SDKROOT = iphoneos;
				SWIFT_OPTIMIZATION_LEVEL = "-Owholemodule";
				VALIDATE_PRODUCT = YES;
			};
			name = Release;
		};
		3DA7C5C72051FC9E005C60B9 /* Debug */ = {
			isa = XCBuildConfiguration;
			buildSettings = {
				ASSETCATALOG_COMPILER_APPICON_NAME = AppIcon;
				CODE_SIGN_STYLE = Automatic;
				DEVELOPMENT_TEAM = RFQY6T2L4D;
				INFOPLIST_FILE = dashable/Info.plist;
				LD_RUNPATH_SEARCH_PATHS = "$(inherited) @executable_path/Frameworks";
				MARKETING_VERSION = 0.1;
				PRODUCT_BUNDLE_IDENTIFIER = xyz.liwatec.dashable;
				PRODUCT_NAME = "$(TARGET_NAME)";
				SWIFT_VERSION = 4.0;
				TARGETED_DEVICE_FAMILY = "1,2";
			};
			name = Debug;
		};
		3DA7C5C82051FC9E005C60B9 /* Release */ = {
			isa = XCBuildConfiguration;
			buildSettings = {
				ASSETCATALOG_COMPILER_APPICON_NAME = AppIcon;
				CODE_SIGN_STYLE = Automatic;
				DEVELOPMENT_TEAM = RFQY6T2L4D;
				INFOPLIST_FILE = dashable/Info.plist;
				LD_RUNPATH_SEARCH_PATHS = "$(inherited) @executable_path/Frameworks";
				MARKETING_VERSION = 0.1;
				PRODUCT_BUNDLE_IDENTIFIER = xyz.liwatec.dashable;
				PRODUCT_NAME = "$(TARGET_NAME)";
				SWIFT_VERSION = 4.0;
				TARGETED_DEVICE_FAMILY = "1,2";
			};
			name = Release;
		};
/* End XCBuildConfiguration section */

/* Begin XCConfigurationList section */
		3DA7C5A92051FC9D005C60B9 /* Build configuration list for PBXProject "dashable" */ = {
			isa = XCConfigurationList;
			buildConfigurations = (
				3DA7C5C42051FC9E005C60B9 /* Debug */,
				3DA7C5C52051FC9E005C60B9 /* Release */,
			);
			defaultConfigurationIsVisible = 0;
			defaultConfigurationName = Release;
		};
		3DA7C5C62051FC9E005C60B9 /* Build configuration list for PBXNativeTarget "dashable" */ = {
			isa = XCConfigurationList;
			buildConfigurations = (
				3DA7C5C72051FC9E005C60B9 /* Debug */,
				3DA7C5C82051FC9E005C60B9 /* Release */,
			);
			defaultConfigurationIsVisible = 0;
			defaultConfigurationName = Release;
		};
/* End XCConfigurationList section */
	};
	rootObject = 3DA7C5A62051FC9D005C60B9 /* Project object */;
}
